
Microsoft Visual Studio Solution File, Format Version 12.00
# Visual Studio Version 16
VisualStudioVersion = 16.0.30330.147
MinimumVisualStudioVersion = 10.0.40219.1
Project("{FAE04EC0-301F-11D3-BF4B-00C04F79EFBC}") = "EmployeeManagement.Service", "Vineeth_HealthChampion_Test\EmployeeManagement.Service.csproj", "{E8DFB1C6-2D73-4057-8F44-E72841C23BED}"
EndProject
Project("{FAE04EC0-301F-11D3-BF4B-00C04F79EFBC}") = "EmployeeManagement.Business", "EmployeeManagement.Manager\EmployeeManagement.Business.csproj", "{27F2B287-8EF1-438D-BE59-B8A342057C33}"
EndProject
Project("{FAE04EC0-301F-11D3-BF4B-00C04F79EFBC}") = "EmployeeManagement.Data", "EmployeeManagement.Provider\EmployeeManagement.Data.csproj", "{551EA54B-0631-475D-AF08-B7BCECC68F19}"
EndProject
Project("{FAE04EC0-301F-11D3-BF4B-00C04F79EFBC}") = "EmployeeManagement.Common", "EmployeeManagement.Common\EmployeeManagement.Common.csproj", "{C1DB4CD3-B1C0-44C9-A8D9-2B12DB530B5B}"
EndProject
Project("{FAE04EC0-301F-11D3-BF4B-00C04F79EFBC}") = "EmployeeManagement.Data.EF", "EmployeeManagement.Data.EF\EmployeeManagement.Data.EF.csproj", "{00024DD6-8EC5-4460-9C5A-34D6E196AAA0}"
EndProject
Project("{FAE04EC0-301F-11D3-BF4B-00C04F79EFBC}") = "EmployeeManagement.Abstraction", "EmployeeManagement.Abstraction\EmployeeManagement.Abstraction.csproj", "{4688E6D1-227F-423D-B012-4DC4780CD523}"
EndProject
Global
	GlobalSection(SolutionConfigurationPlatforms) = preSolution
		Debug|Any CPU = Debug|Any CPU
		Release|Any CPU = Release|Any CPU
	EndGlobalSection
	GlobalSection(ProjectConfigurationPlatforms) = postSolution
		{E8DFB1C6-2D73-4057-8F44-E72841C23BED}.Debug|Any CPU.ActiveCfg = Debug|Any CPU
		{E8DFB1C6-2D73-4057-8F44-E72841C23BED}.Debug|Any CPU.Build.0 = Debug|Any CPU
		{E8DFB1C6-2D73-4057-8F44-E72841C23BED}.Release|Any CPU.ActiveCfg = Release|Any CPU
		{E8DFB1C6-2D73-4057-8F44-E72841C23BED}.Release|Any CPU.Build.0 = Release|Any CPU
		{27F2B287-8EF1-438D-BE59-B8A342057C33}.Debug|Any CPU.ActiveCfg = Debug|Any CPU
		{27F2B287-8EF1-438D-BE59-B8A342057C33}.Debug|Any CPU.Build.0 = Debug|Any CPU
		{27F2B287-8EF1-438D-BE59-B8A342057C33}.Release|Any CPU.ActiveCfg = Release|Any CPU
		{27F2B287-8EF1-438D-BE59-B8A342057C33}.Release|Any CPU.Build.0 = Release|Any CPU
		{551EA54B-0631-475D-AF08-B7BCECC68F19}.Debug|Any CPU.ActiveCfg = Debug|Any CPU
		{551EA54B-0631-475D-AF08-B7BCECC68F19}.Debug|Any CPU.Build.0 = Debug|Any CPU
		{551EA54B-0631-475D-AF08-B7BCECC68F19}.Release|Any CPU.ActiveCfg = Release|Any CPU
		{551EA54B-0631-475D-AF08-B7BCECC68F19}.Release|Any CPU.Build.0 = Release|Any CPU
		{C1DB4CD3-B1C0-44C9-A8D9-2B12DB530B5B}.Debug|Any CPU.ActiveCfg = Debug|Any CPU
		{C1DB4CD3-B1C0-44C9-A8D9-2B12DB530B5B}.Debug|Any CPU.Build.0 = Debug|Any CPU
		{C1DB4CD3-B1C0-44C9-A8D9-2B12DB530B5B}.Release|Any CPU.ActiveCfg = Release|Any CPU
		{C1DB4CD3-B1C0-44C9-A8D9-2B12DB530B5B}.Release|Any CPU.Build.0 = Release|Any CPU
		{00024DD6-8EC5-4460-9C5A-34D6E196AAA0}.Debug|Any CPU.ActiveCfg = Debug|Any CPU
		{00024DD6-8EC5-4460-9C5A-34D6E196AAA0}.Debug|Any CPU.Build.0 = Debug|Any CPU
		{00024DD6-8EC5-4460-9C5A-34D6E196AAA0}.Release|Any CPU.ActiveCfg = Release|Any CPU
		{00024DD6-8EC5-4460-9C5A-34D6E196AAA0}.Release|Any CPU.Build.0 = Release|Any CPU
		{4688E6D1-227F-423D-B012-4DC4780CD523}.Debug|Any CPU.ActiveCfg = Debug|Any CPU
		{4688E6D1-227F-423D-B012-4DC4780CD523}.Debug|Any CPU.Build.0 = Debug|Any CPU
		{4688E6D1-227F-423D-B012-4DC4780CD523}.Release|Any CPU.ActiveCfg = Release|Any CPU
		{4688E6D1-227F-423D-B012-4DC4780CD523}.Release|Any CPU.Build.0 = Release|Any CPU
	EndGlobalSection
	GlobalSection(SolutionProperties) = preSolution
		HideSolutionNode = FALSE
	EndGlobalSection
	GlobalSection(ExtensibilityGlobals) = postSolution
		SolutionGuid = {914DEC52-3CC4-4EB7-AB0D-CED6693BC436}
	EndGlobalSection
EndGlobal
